// !$*UTF8*$!
{
	archiveVersion = 1;
	classes = {
	};
	objectVersion = 50;
	objects = {

/* Begin PBXBuildFile section */
		AB323089212A5EB400CC59A8 /* AppDelegate.swift in Sources */ = {isa = PBXBuildFile; fileRef = AB323088212A5EB400CC59A8 /* AppDelegate.swift */; };
		AB32308B212A5EB400CC59A8 /* ViewController.swift in Sources */ = {isa = PBXBuildFile; fileRef = AB32308A212A5EB400CC59A8 /* ViewController.swift */; };
		AB32308E212A5EB400CC59A8 /* Main.storyboard in Resources */ = {isa = PBXBuildFile; fileRef = AB32308C212A5EB400CC59A8 /* Main.storyboard */; };
		AB323091212A5EB400CC59A8 /* WageClock.xcdatamodeld in Sources */ = {isa = PBXBuildFile; fileRef = AB32308F212A5EB400CC59A8 /* WageClock.xcdatamodeld */; };
		AB323093212A5EB600CC59A8 /* Assets.xcassets in Resources */ = {isa = PBXBuildFile; fileRef = AB323092212A5EB600CC59A8 /* Assets.xcassets */; };
		AB323096212A5EB600CC59A8 /* LaunchScreen.storyboard in Resources */ = {isa = PBXBuildFile; fileRef = AB323094212A5EB600CC59A8 /* LaunchScreen.storyboard */; };
		AB32309E212A633400CC59A8 /* ClockTableViewCell.swift in Sources */ = {isa = PBXBuildFile; fileRef = AB32309D212A633400CC59A8 /* ClockTableViewCell.swift */; };
/* End PBXBuildFile section */

/* Begin PBXFileReference section */
		AB323085212A5EB400CC59A8 /* WageClock.app */ = {isa = PBXFileReference; explicitFileType = wrapper.application; includeInIndex = 0; path = WageClock.app; sourceTree = BUILT_PRODUCTS_DIR; };
		AB323088212A5EB400CC59A8 /* AppDelegate.swift */ = {isa = PBXFileReference; lastKnownFileType = sourcecode.swift; path = AppDelegate.swift; sourceTree = "<group>"; };
		AB32308A212A5EB400CC59A8 /* ViewController.swift */ = {isa = PBXFileReference; lastKnownFileType = sourcecode.swift; path = ViewController.swift; sourceTree = "<group>"; };
		AB32308D212A5EB400CC59A8 /* Base */ = {isa = PBXFileReference; lastKnownFileType = file.storyboard; name = Base; path = Base.lproj/Main.storyboard; sourceTree = "<group>"; };
		AB323090212A5EB400CC59A8 /* WageClock.xcdatamodel */ = {isa = PBXFileReference; lastKnownFileType = wrapper.xcdatamodel; path = WageClock.xcdatamodel; sourceTree = "<group>"; };
		AB323092212A5EB600CC59A8 /* Assets.xcassets */ = {isa = PBXFileReference; lastKnownFileType = folder.assetcatalog; path = Assets.xcassets; sourceTree = "<group>"; };
		AB323095212A5EB600CC59A8 /* Base */ = {isa = PBXFileReference; lastKnownFileType = file.storyboard; name = Base; path = Base.lproj/LaunchScreen.storyboard; sourceTree = "<group>"; };
		AB323097212A5EB600CC59A8 /* Info.plist */ = {isa = PBXFileReference; lastKnownFileType = text.plist.xml; path = Info.plist; sourceTree = "<group>"; };
		AB32309D212A633400CC59A8 /* ClockTableViewCell.swift */ = {isa = PBXFileReference; lastKnownFileType = sourcecode.swift; path = ClockTableViewCell.swift; sourceTree = "<group>"; };
/* End PBXFileReference section */

/* Begin PBXFrameworksBuildPhase section */
		AB323082212A5EB400CC59A8 /* Frameworks */ = {
			isa = PBXFrameworksBuildPhase;
			buildActionMask = 2147483647;
			files = (
			);
			runOnlyForDeploymentPostprocessing = 0;
		};
/* End PBXFrameworksBuildPhase section */

/* Begin PBXGroup section */
		AB32307C212A5EB400CC59A8 = {
			isa = PBXGroup;
			children = (
				AB323087212A5EB400CC59A8 /* WageClock */,
				AB323086212A5EB400CC59A8 /* Products */,
			);
			sourceTree = "<group>";
		};
		AB323086212A5EB400CC59A8 /* Products */ = {
			isa = PBXGroup;
			children = (
				AB323085212A5EB400CC59A8 /* WageClock.app */,
			);
			name = Products;
			sourceTree = "<group>";
		};
		AB323087212A5EB400CC59A8 /* WageClock */ = {
			isa = PBXGroup;
			children = (
				AB323088212A5EB400CC59A8 /* AppDelegate.swift */,
				AB32308A212A5EB400CC59A8 /* ViewController.swift */,
				AB32308C212A5EB400CC59A8 /* Main.storyboard */,
				AB32309D212A633400CC59A8 /* ClockTableViewCell.swift */,
				AB323092212A5EB600CC59A8 /* Assets.xcassets */,
				AB323094212A5EB600CC59A8 /* LaunchScreen.storyboard */,
				AB323097212A5EB600CC59A8 /* Info.plist */,
				AB32308F212A5EB400CC59A8 /* WageClock.xcdatamodeld */,
			);
			path = WageClock;
			sourceTree = "<group>";
		};
/* End PBXGroup section */

/* Begin PBXNativeTarget section */
		AB323084212A5EB400CC59A8 /* WageClock */ = {
			isa = PBXNativeTarget;
			buildConfigurationList = AB32309A212A5EB600CC59A8 /* Build configuration list for PBXNativeTarget "WageClock" */;
			buildPhases = (
				AB323081212A5EB400CC59A8 /* Sources */,
				AB323082212A5EB400CC59A8 /* Frameworks */,
				AB323083212A5EB400CC59A8 /* Resources */,
			);
			buildRules = (
			);
			dependencies = (
			);
			name = WageClock;
			productName = WageClock;
			productReference = AB323085212A5EB400CC59A8 /* WageClock.app */;
			productType = "com.apple.product-type.application";
		};
/* End PBXNativeTarget section */

/* Begin PBXProject section */
		AB32307D212A5EB400CC59A8 /* Project object */ = {
			isa = PBXProject;
			attributes = {
				LastSwiftUpdateCheck = 0940;
				LastUpgradeCheck = 0940;
				ORGANIZATIONNAME = "Kizer Co.";
				TargetAttributes = {
					AB323084212A5EB400CC59A8 = {
						CreatedOnToolsVersion = 9.4.1;
					};
				};
			};
			buildConfigurationList = AB323080212A5EB400CC59A8 /* Build configuration list for PBXProject "WageClock" */;
			compatibilityVersion = "Xcode 9.3";
			developmentRegion = en;
			hasScannedForEncodings = 0;
			knownRegions = (
				en,
				Base,
			);
			mainGroup = AB32307C212A5EB400CC59A8;
			productRefGroup = AB323086212A5EB400CC59A8 /* Products */;
			projectDirPath = "";
			projectRoot = "";
			targets = (
				AB323084212A5EB400CC59A8 /* WageClock */,
			);
		};
/* End PBXProject section */

/* Begin PBXResourcesBuildPhase section */
		AB323083212A5EB400CC59A8 /* Resources */ = {
			isa = PBXResourcesBuildPhase;
			buildActionMask = 2147483647;
			files = (
				AB323096212A5EB600CC59A8 /* LaunchScreen.storyboard in Resources */,
				AB323093212A5EB600CC59A8 /* Assets.xcassets in Resources */,
				AB32308E212A5EB400CC59A8 /* Main.storyboard in Resources */,
			);
			runOnlyForDeploymentPostprocessing = 0;
		};
/* End PBXResourcesBuildPhase section */

/* Begin PBXSourcesBuildPhase section */
		AB323081212A5EB400CC59A8 /* Sources */ = {
			isa = PBXSourcesBuildPhase;
			buildActionMask = 2147483647;
			files = (
				AB32308B212A5EB400CC59A8 /* ViewController.swift in Sources */,
				AB323089212A5EB400CC59A8 /* AppDelegate.swift in Sources */,
				AB32309E212A633400CC59A8 /* ClockTableViewCell.swift in Sources */,
				AB323091212A5EB400CC59A8 /* WageClock.xcdatamodeld in Sources */,
			);
			runOnlyForDeploymentPostprocessing = 0;
		};
/* End PBXSourcesBuildPhase section */

/* Begin PBXVariantGroup section */
		AB32308C212A5EB400CC59A8 /* Main.storyboard */ = {
			isa = PBXVariantGroup;
			children = (
				AB32308D212A5EB400CC59A8 /* Base */,
			);
			name = Main.storyboard;
			sourceTree = "<group>";
		};
		AB323094212A5EB600CC59A8 /* LaunchScreen.storyboard */ = {
			isa = PBXVariantGroup;
			children = (
				AB323095212A5EB600CC59A8 /* Base */,
			);
			name = LaunchScreen.storyboard;
			sourceTree = "<group>";
		};
/* End PBXVariantGroup section */

/* Begin XCBuildConfiguration section */
		AB323098212A5EB600CC59A8 /* Debug */ = {
			isa = XCBuildConfiguration;
			buildSettings = {
				ALWAYS_SEARCH_USER_PATHS = NO;
				CLANG_ANALYZER_NONNULL = YES;
				CLANG_ANALYZER_NUMBER_OBJECT_CONVERSION = YES_AGGRESSIVE;
				CLANG_CXX_LANGUAGE_STANDARD = "gnu++14";
				CLANG_CXX_LIBRARY = "libc++";
				CLANG_ENABLE_MODULES = YES;
				CLANG_ENABLE_OBJC_ARC = YES;
				CLANG_ENABLE_OBJC_WEAK = YES;
				CLANG_WARN_BLOCK_CAPTURE_AUTORELEASING = YES;
				CLANG_WARN_BOOL_CONVERSION = YES;
				CLANG_WARN_COMMA = YES;
				CLANG_WARN_CONSTANT_CONVERSION = YES;
				CLANG_WARN_DEPRECATED_OBJC_IMPLEMENTATIONS = YES;
				CLANG_WARN_DIRECT_OBJC_ISA_USAGE = YES_ERROR;
				CLANG_WARN_DOCUMENTATION_COMMENTS = YES;
				CLANG_WARN_EMPTY_BODY = YES;
				CLANG_WARN_ENUM_CONVERSION = YES;
				CLANG_WARN_INFINITE_RECURSION = YES;
				CLANG_WARN_INT_CONVERSION = YES;
				CLANG_WARN_NON_LITERAL_NULL_CONVERSION = YES;
				CLANG_WARN_OBJC_IMPLICIT_RETAIN_SELF = YES;
				CLANG_WARN_OBJC_LITERAL_CONVERSION = YES;
				CLANG_WARN_OBJC_ROOT_CLASS = YES_ERROR;
				CLANG_WARN_RANGE_LOOP_ANALYSIS = YES;
				CLANG_WARN_STRICT_PROTOTYPES = YES;
				CLANG_WARN_SUSPICIOUS_MOVE = YES;
				CLANG_WARN_UNGUARDED_AVAILABILITY = YES_AGGRESSIVE;
				CLANG_WARN_UNREACHABLE_CODE = YES;
				CLANG_WARN__DUPLICATE_METHOD_MATCH = YES;
				CODE_SIGN_IDENTITY = "iPhone Developer";
				COPY_PHASE_STRIP = NO;
				DEBUG_INFORMATION_FORMAT = dwarf;
				ENABLE_STRICT_OBJC_MSGSEND = YES;
				ENABLE_TESTABILITY = YES;
				GCC_C_LANGUAGE_STANDARD = gnu11;
				GCC_DYNAMIC_NO_PIC = NO;
				GCC_NO_COMMON_BLOCKS = YES;
				GCC_OPTIMIZATION_LEVEL = 0;
				GCC_PREPROCESSOR_DEFINITIONS = (
					"DEBUG=1",
					"$(inherited)",
				);
				GCC_WARN_64_TO_32_BIT_CONVERSION = YES;
				GCC_WARN_ABOUT_RETURN_TYPE = YES_ERROR;
				GCC_WARN_UNDECLARED_SELECTOR = YES;
				GCC_WARN_UNINITIALIZED_AUTOS = YES_AGGRESSIVE;
				GCC_WARN_UNUSED_FUNCTION = YES;
				GCC_WARN_UNUSED_VARIABLE = YES;
				IPHONEOS_DEPLOYMENT_TARGET = 11.4;
				MTL_ENABLE_DEBUG_INFO = YES;
				ONLY_ACTIVE_ARCH = YES;
				SDKROOT = iphoneos;
				SWIFT_ACTIVE_COMPILATION_CONDITIONS = DEBUG;
				SWIFT_OPTIMIZATION_LEVEL = "-Onone";
			};
			name = Debug;
		};
		AB323099212A5EB600CC59A8 /* Release */ = {
			isa = XCBuildConfiguration;
			buildSettings = {
				ALWAYS_SEARCH_USER_PATHS = NO;
				CLANG_ANALYZER_NONNULL = YES;
				CLANG_ANALYZER_NUMBER_OBJECT_CONVERSION = YES_AGGRESSIVE;
				CLANG_CXX_LANGUAGE_STANDARD = "gnu++14";
				CLANG_CXX_LIBRARY = "libc++";
				CLANG_ENABLE_MODULES = YES;
				CLANG_ENABLE_OBJC_ARC = YES;
				CLANG_ENABLE_OBJC_WEAK = YES;
				CLANG_WARN_BLOCK_CAPTURE_AUTORELEASING = YES;
				CLANG_WARN_BOOL_CONVERSION = YES;
				CLANG_WARN_COMMA = YES;
				CLANG_WARN_CONSTANT_CONVERSION = YES;
				CLANG_WARN_DEPRECATED_OBJC_IMPLEMENTATIONS = YES;
				CLANG_WARN_DIRECT_OBJC_ISA_USAGE = YES_ERROR;
				CLANG_WARN_DOCUMENTATION_COMMENTS = YES;
				CLANG_WARN_EMPTY_BODY = YES;
				CLANG_WARN_ENUM_CONVERSION = YES;
				CLANG_WARN_INFINITE_RECURSION = YES;
				CLANG_WARN_INT_CONVERSION = YES;
				CLANG_WARN_NON_LITERAL_NULL_CONVERSION = YES;
				CLANG_WARN_OBJC_IMPLICIT_RETAIN_SELF = YES;
				CLANG_WARN_OBJC_LITERAL_CONVERSION = YES;
				CLANG_WARN_OBJC_ROOT_CLASS = YES_ERROR;
				CLANG_WARN_RANGE_LOOP_ANALYSIS = YES;
				CLANG_WARN_STRICT_PROTOTYPES = YES;
				CLANG_WARN_SUSPICIOUS_MOVE = YES;
				CLANG_WARN_UNGUARDED_AVAILABILITY = YES_AGGRESSIVE;
				CLANG_WARN_UNREACHABLE_CODE = YES;
				CLANG_WARN__DUPLICATE_METHOD_MATCH = YES;
				CODE_SIGN_IDENTITY = "iPhone Developer";
				COPY_PHASE_STRIP = NO;
				DEBUG_INFORMATION_FORMAT = "dwarf-with-dsym";
				ENABLE_NS_ASSERTIONS = NO;
				ENABLE_STRICT_OBJC_MSGSEND = YES;
				GCC_C_LANGUAGE_STANDARD = gnu11;
				GCC_NO_COMMON_BLOCKS = YES;
				GCC_WARN_64_TO_32_BIT_CONVERSION = YES;
				GCC_WARN_ABOUT_RETURN_TYPE = YES_ERROR;
				GCC_WARN_UNDECLARED_SELECTOR = YES;
				GCC_WARN_UNINITIALIZED_AUTOS = YES_AGGRESSIVE;
				GCC_WARN_UNUSED_FUNCTION = YES;
				GCC_WARN_UNUSED_VARIABLE = YES;
				IPHONEOS_DEPLOYMENT_TARGET = 11.4;
				MTL_ENABLE_DEBUG_INFO = NO;
				SDKROOT = iphoneos;
				SWIFT_COMPILATION_MODE = wholemodule;
				SWIFT_OPTIMIZATION_LEVEL = "-O";
				VALIDATE_PRODUCT = YES;
			};
			name = Release;
		};
		AB32309B212A5EB600CC59A8 /* Debug */ = {
			isa = XCBuildConfiguration;
			buildSettings = {
				ASSETCATALOG_COMPILER_APPICON_NAME = AppIcon;
				CODE_SIGN_STYLE = Automatic;
				DEVELOPMENT_TEAM = 8QDNBA629H;
				INFOPLIST_FILE = WageClock/Info.plist;
				LD_RUNPATH_SEARCH_PATHS = (
					"$(inherited)",
					"@executable_path/Frameworks",
				);
				PRODUCT_BUNDLE_IDENTIFIER = kizerCo.WageClock;
				PRODUCT_NAME = "$(TARGET_NAME)";
				SWIFT_VERSION = 4.0;
				TARGETED_DEVICE_FAMILY = "1,2";
			};
			name = Debug;
		};
		AB32309C212A5EB600CC59A8 /* Release */ = {
			isa = XCBuildConfiguration;
			buildSettings = {
				ASSETCATALOG_COMPILER_APPICON_NAME = AppIcon;
				CODE_SIGN_STYLE = Automatic;
				DEVELOPMENT_TEAM = 8QDNBA629H;
				INFOPLIST_FILE = WageClock/Info.plist;
				LD_RUNPATH_SEARCH_PATHS = (
					"$(inherited)",
					"@executable_path/Frameworks",
				);
				PRODUCT_BUNDLE_IDENTIFIER = kizerCo.WageClock;
				PRODUCT_NAME = "$(TARGET_NAME)";
				SWIFT_VERSION = 4.0;
				TARGETED_DEVICE_FAMILY = "1,2";
			};
			name = Release;
		};
/* End XCBuildConfiguration section */

/* Begin XCConfigurationList section */
		AB323080212A5EB400CC59A8 /* Build configuration list for PBXProject "WageClock" */ = {
			isa = XCConfigurationList;
			buildConfigurations = (
				AB323098212A5EB600CC59A8 /* Debug */,
				AB323099212A5EB600CC59A8 /* Release */,
			);
			defaultConfigurationIsVisible = 0;
			defaultConfigurationName = Release;
		};
		AB32309A212A5EB600CC59A8 /* Build configuration list for PBXNativeTarget "WageClock" */ = {
			isa = XCConfigurationList;
			buildConfigurations = (
				AB32309B212A5EB600CC59A8 /* Debug */,
				AB32309C212A5EB600CC59A8 /* Release */,
			);
			defaultConfigurationIsVisible = 0;
			defaultConfigurationName = Release;
		};
/* End XCConfigurationList section */

/* Begin XCVersionGroup section */
		AB32308F212A5EB400CC59A8 /* WageClock.xcdatamodeld */ = {
			isa = XCVersionGroup;
			children = (
				AB323090212A5EB400CC59A8 /* WageClock.xcdatamodel */,
			);
			currentVersion = AB323090212A5EB400CC59A8 /* WageClock.xcdatamodel */;
			path = WageClock.xcdatamodeld;
			sourceTree = "<group>";
			versionGroupType = wrapper.xcdatamodel;
		};
/* End XCVersionGroup section */
	};
	rootObject = AB32307D212A5EB400CC59A8 /* Project object */;
}
